
Microsoft Visual Studio Solution File, Format Version 12.00
# Visual Studio Version 16
VisualStudioVersion = 16.0.32228.343
MinimumVisualStudioVersion = 10.0.40219.1
Project("{FAE04EC0-301F-11D3-BF4B-00C04F79EFBC}") = "WindowsFormsApp1", "WindowsFormsApp1\WindowsFormsApp1.csproj", "{DB3EC27F-8D28-406E-A00A-C119572BECAC}"
EndProject
Global
	GlobalSection(SolutionConfigurationPlatforms) = preSolution
		Debug|Any CPU = Debug|Any CPU
		Release|Any CPU = Release|Any CPU
	EndGlobalSection
	GlobalSection(ProjectConfigurationPlatforms) = postSolution
		{DB3EC27F-8D28-406E-A00A-C119572BECAC}.Debug|Any CPU.ActiveCfg = Debug|Any CPU
		{DB3EC27F-8D28-406E-A00A-C119572BECAC}.Debug|Any CPU.Build.0 = Debug|Any CPU
		{DB3EC27F-8D28-406E-A00A-C119572BECAC}.Release|Any CPU.ActiveCfg = Release|Any CPU
		{DB3EC27F-8D28-406E-A00A-C119572BECAC}.Release|Any CPU.Build.0 = Release|Any CPU
	EndGlobalSection
	GlobalSection(SolutionProperties) = preSolution
		HideSolutionNode = FALSE
	EndGlobalSection
	GlobalSection(ExtensibilityGlobals) = postSolution
		SolutionGuid = {9F950248-AB6E-49F0-B777-673FC3064A14}
	EndGlobalSection
EndGlobal
