
Microsoft Visual Studio Solution File, Format Version 12.00
# Visual Studio Version 16
VisualStudioVersion = 16.0.31702.278
MinimumVisualStudioVersion = 10.0.40219.1
Project("{FAE04EC0-301F-11D3-BF4B-00C04F79EFBC}") = "WindowsFormsApp1", "WindowsFormsApp1\WindowsFormsApp1.csproj", "{929CAD52-ED51-4D34-9DF1-92F0406F0925}"
EndProject
Global
	GlobalSection(SolutionConfigurationPlatforms) = preSolution
		Debug|Any CPU = Debug|Any CPU
		Release|Any CPU = Release|Any CPU
	EndGlobalSection
	GlobalSection(ProjectConfigurationPlatforms) = postSolution
		{929CAD52-ED51-4D34-9DF1-92F0406F0925}.Debug|Any CPU.ActiveCfg = Debug|Any CPU
		{929CAD52-ED51-4D34-9DF1-92F0406F0925}.Debug|Any CPU.Build.0 = Debug|Any CPU
		{929CAD52-ED51-4D34-9DF1-92F0406F0925}.Release|Any CPU.ActiveCfg = Release|Any CPU
		{929CAD52-ED51-4D34-9DF1-92F0406F0925}.Release|Any CPU.Build.0 = Release|Any CPU
	EndGlobalSection
	GlobalSection(SolutionProperties) = preSolution
		HideSolutionNode = FALSE
	EndGlobalSection
	GlobalSection(ExtensibilityGlobals) = postSolution
		SolutionGuid = {57595D24-40F9-488C-B30B-01B6169AD237}
	EndGlobalSection
EndGlobal
